{
  "name": "skill-manage",
  "version": "0.1.0",
  "lockfileVersion": 3,
  "requires": true,
  "packages": {
    "": {
      "name": "skill-manage",
      "version": "0.1.0",
      "license": "MIT",
      "bin": {
        "skill-manage": "bin/skill-manage.js",
        "sm": "bin/skill-manage.js"
      },
      "engines": {
        "node": ">=18"
      },
      "optionalDependencies": {
        "skill-manage-darwin-arm64": "0.1.0",
        "skill-manage-darwin-x64": "0.1.0",
        "skill-manage-linux-x64": "0.1.0",
        "skill-manage-win32-x64": "0.1.0"
      }
    },
    "node_modules/skill-manage-darwin-arm64": {
      "optional": true
    },
    "node_modules/skill-manage-darwin-x64": {
      "optional": true
    },
    "node_modules/skill-manage-linux-x64": {
      "optional": true
    },
    "node_modules/skill-manage-win32-x64": {
      "optional": true
    }
  }
}
